
Microsoft Visual Studio Solution File, Format Version 12.00
# Visual Studio Version 17
VisualStudioVersion = 17.5.33516.290
MinimumVisualStudioVersion = 10.0.40219.1
Project("{FAE04EC0-301F-11D3-BF4B-00C04F79EFBC}") = "NordShore", "NordShore.csproj", "{51D99609-1E55-4119-93AE-C7CF09A5DC85}"
EndProject
Global
	GlobalSection(SolutionConfigurationPlatforms) = preSolution
		Debug|Any CPU = Debug|Any CPU
		Release|Any CPU = Release|Any CPU
	EndGlobalSection
	GlobalSection(ProjectConfigurationPlatforms) = postSolution
		{51D99609-1E55-4119-93AE-C7CF09A5DC85}.Debug|Any CPU.ActiveCfg = Debug|Any CPU
		{51D99609-1E55-4119-93AE-C7CF09A5DC85}.Debug|Any CPU.Build.0 = Debug|Any CPU
		{51D99609-1E55-4119-93AE-C7CF09A5DC85}.Release|Any CPU.ActiveCfg = Release|Any CPU
		{51D99609-1E55-4119-93AE-C7CF09A5DC85}.Release|Any CPU.Build.0 = Release|Any CPU
	EndGlobalSection
	GlobalSection(SolutionProperties) = preSolution
		HideSolutionNode = FALSE
	EndGlobalSection
	GlobalSection(ExtensibilityGlobals) = postSolution
		SolutionGuid = {F20B5FC0-6113-46AD-83D0-FFF57DE3F530}
	EndGlobalSection
EndGlobal
